
Microsoft Visual Studio Solution File, Format Version 12.00
# Visual Studio Version 16
VisualStudioVersion = 16.0.30907.101
MinimumVisualStudioVersion = 10.0.40219.1
Project("{9A19103F-16F7-4668-BE54-9A1E7A4F7556}") = "kodlama.io csharp", "kodlama.io csharp\kodlama.io csharp.csproj", "{3EFDB05B-9B26-4A01-B6B1-904A0E24640C}"
EndProject
Project("{9A19103F-16F7-4668-BE54-9A1E7A4F7556}") = "donguler", "donguler\donguler.csproj", "{F8428971-DB51-4732-BCA2-D1C9E9AA5149}"
EndProject
Project("{9A19103F-16F7-4668-BE54-9A1E7A4F7556}") = "classintro", "classintro\classintro.csproj", "{FBA3E334-3756-452B-834F-B4920E51ED18}"
EndProject
Project("{9A19103F-16F7-4668-BE54-9A1E7A4F7556}") = "metotlar", "metotlar\metotlar.csproj", "{F80B72D4-2E8F-49D4-9384-1A9449E24CC5}"
EndProject
Project("{9A19103F-16F7-4668-BE54-9A1E7A4F7556}") = "Matematik", "Matematik\Matematik.csproj", "{20910CBF-2AE8-49D4-ABF8-8858A59D9502}"
EndProject
Project("{9A19103F-16F7-4668-BE54-9A1E7A4F7556}") = "DegerveReferansTipler", "DegerveReferansTipler\DegerveReferansTipler.csproj", "{D52DB08B-A1FC-4EF6-864A-73089774EB9A}"
EndProject
Project("{9A19103F-16F7-4668-BE54-9A1E7A4F7556}") = "OOP-1", "OOP-1\OOP-1.csproj", "{B99679F9-7EFD-41AE-928F-7BEA093F0ADD}"
EndProject
Project("{9A19103F-16F7-4668-BE54-9A1E7A4F7556}") = "Koleksiyonlar", "Koleksiyonlar\Koleksiyonlar.csproj", "{9DD3C82B-7BEC-4AB8-A63F-469282B64A42}"
EndProject
Project("{9A19103F-16F7-4668-BE54-9A1E7A4F7556}") = "GenericsIntro", "GenericsIntro\GenericsIntro.csproj", "{94A5E174-965B-4DD3-8051-0114A7FF7A0D}"
EndProject
Project("{FAE04EC0-301F-11D3-BF4B-00C04F79EFBC}") = "OOP-2", "OOP-2\OOP-2.csproj", "{09EF8A5F-B13B-469D-AA7F-3AB140F1E75B}"
EndProject
Project("{FAE04EC0-301F-11D3-BF4B-00C04F79EFBC}") = "OOP-3", "OOP-3\OOP-3.csproj", "{D1F1BCE0-239F-48BA-B8EA-D519EF2E606D}"
EndProject
Global
	GlobalSection(SolutionConfigurationPlatforms) = preSolution
		Debug|Any CPU = Debug|Any CPU
		Release|Any CPU = Release|Any CPU
	EndGlobalSection
	GlobalSection(ProjectConfigurationPlatforms) = postSolution
		{3EFDB05B-9B26-4A01-B6B1-904A0E24640C}.Debug|Any CPU.ActiveCfg = Debug|Any CPU
		{3EFDB05B-9B26-4A01-B6B1-904A0E24640C}.Debug|Any CPU.Build.0 = Debug|Any CPU
		{3EFDB05B-9B26-4A01-B6B1-904A0E24640C}.Release|Any CPU.ActiveCfg = Release|Any CPU
		{3EFDB05B-9B26-4A01-B6B1-904A0E24640C}.Release|Any CPU.Build.0 = Release|Any CPU
		{F8428971-DB51-4732-BCA2-D1C9E9AA5149}.Debug|Any CPU.ActiveCfg = Debug|Any CPU
		{F8428971-DB51-4732-BCA2-D1C9E9AA5149}.Debug|Any CPU.Build.0 = Debug|Any CPU
		{F8428971-DB51-4732-BCA2-D1C9E9AA5149}.Release|Any CPU.ActiveCfg = Release|Any CPU
		{F8428971-DB51-4732-BCA2-D1C9E9AA5149}.Release|Any CPU.Build.0 = Release|Any CPU
		{FBA3E334-3756-452B-834F-B4920E51ED18}.Debug|Any CPU.ActiveCfg = Debug|Any CPU
		{FBA3E334-3756-452B-834F-B4920E51ED18}.Debug|Any CPU.Build.0 = Debug|Any CPU
		{FBA3E334-3756-452B-834F-B4920E51ED18}.Release|Any CPU.ActiveCfg = Release|Any CPU
		{FBA3E334-3756-452B-834F-B4920E51ED18}.Release|Any CPU.Build.0 = Release|Any CPU
		{F80B72D4-2E8F-49D4-9384-1A9449E24CC5}.Debug|Any CPU.ActiveCfg = Debug|Any CPU
		{F80B72D4-2E8F-49D4-9384-1A9449E24CC5}.Debug|Any CPU.Build.0 = Debug|Any CPU
		{F80B72D4-2E8F-49D4-9384-1A9449E24CC5}.Release|Any CPU.ActiveCfg = Release|Any CPU
		{F80B72D4-2E8F-49D4-9384-1A9449E24CC5}.Release|Any CPU.Build.0 = Release|Any CPU
		{20910CBF-2AE8-49D4-ABF8-8858A59D9502}.Debug|Any CPU.ActiveCfg = Debug|Any CPU
		{20910CBF-2AE8-49D4-ABF8-8858A59D9502}.Debug|Any CPU.Build.0 = Debug|Any CPU
		{20910CBF-2AE8-49D4-ABF8-8858A59D9502}.Release|Any CPU.ActiveCfg = Release|Any CPU
		{20910CBF-2AE8-49D4-ABF8-8858A59D9502}.Release|Any CPU.Build.0 = Release|Any CPU
		{D52DB08B-A1FC-4EF6-864A-73089774EB9A}.Debug|Any CPU.ActiveCfg = Debug|Any CPU
		{D52DB08B-A1FC-4EF6-864A-73089774EB9A}.Debug|Any CPU.Build.0 = Debug|Any CPU
		{D52DB08B-A1FC-4EF6-864A-73089774EB9A}.Release|Any CPU.ActiveCfg = Release|Any CPU
		{D52DB08B-A1FC-4EF6-864A-73089774EB9A}.Release|Any CPU.Build.0 = Release|Any CPU
		{B99679F9-7EFD-41AE-928F-7BEA093F0ADD}.Debug|Any CPU.ActiveCfg = Debug|Any CPU
		{B99679F9-7EFD-41AE-928F-7BEA093F0ADD}.Debug|Any CPU.Build.0 = Debug|Any CPU
		{B99679F9-7EFD-41AE-928F-7BEA093F0ADD}.Release|Any CPU.ActiveCfg = Release|Any CPU
		{B99679F9-7EFD-41AE-928F-7BEA093F0ADD}.Release|Any CPU.Build.0 = Release|Any CPU
		{9DD3C82B-7BEC-4AB8-A63F-469282B64A42}.Debug|Any CPU.ActiveCfg = Debug|Any CPU
		{9DD3C82B-7BEC-4AB8-A63F-469282B64A42}.Debug|Any CPU.Build.0 = Debug|Any CPU
		{9DD3C82B-7BEC-4AB8-A63F-469282B64A42}.Release|Any CPU.ActiveCfg = Release|Any CPU
		{9DD3C82B-7BEC-4AB8-A63F-469282B64A42}.Release|Any CPU.Build.0 = Release|Any CPU
		{94A5E174-965B-4DD3-8051-0114A7FF7A0D}.Debug|Any CPU.ActiveCfg = Debug|Any CPU
		{94A5E174-965B-4DD3-8051-0114A7FF7A0D}.Debug|Any CPU.Build.0 = Debug|Any CPU
		{94A5E174-965B-4DD3-8051-0114A7FF7A0D}.Release|Any CPU.ActiveCfg = Release|Any CPU
		{94A5E174-965B-4DD3-8051-0114A7FF7A0D}.Release|Any CPU.Build.0 = Release|Any CPU
		{09EF8A5F-B13B-469D-AA7F-3AB140F1E75B}.Debug|Any CPU.ActiveCfg = Debug|Any CPU
		{09EF8A5F-B13B-469D-AA7F-3AB140F1E75B}.Debug|Any CPU.Build.0 = Debug|Any CPU
		{09EF8A5F-B13B-469D-AA7F-3AB140F1E75B}.Release|Any CPU.ActiveCfg = Release|Any CPU
		{09EF8A5F-B13B-469D-AA7F-3AB140F1E75B}.Release|Any CPU.Build.0 = Release|Any CPU
		{D1F1BCE0-239F-48BA-B8EA-D519EF2E606D}.Debug|Any CPU.ActiveCfg = Debug|Any CPU
		{D1F1BCE0-239F-48BA-B8EA-D519EF2E606D}.Debug|Any CPU.Build.0 = Debug|Any CPU
		{D1F1BCE0-239F-48BA-B8EA-D519EF2E606D}.Release|Any CPU.ActiveCfg = Release|Any CPU
		{D1F1BCE0-239F-48BA-B8EA-D519EF2E606D}.Release|Any CPU.Build.0 = Release|Any CPU
	EndGlobalSection
	GlobalSection(SolutionProperties) = preSolution
		HideSolutionNode = FALSE
	EndGlobalSection
	GlobalSection(ExtensibilityGlobals) = postSolution
		SolutionGuid = {C63EEB14-026F-489D-A66C-CB9D305CF008}
	EndGlobalSection
EndGlobal
